
Microsoft Visual Studio Solution File, Format Version 12.00
# Visual Studio Version 16
VisualStudioVersion = 16.0.29324.140
MinimumVisualStudioVersion = 10.0.40219.1
Project("{FAE04EC0-301F-11D3-BF4B-00C04F79EFBC}") = "Manager", "Manager\Manager.csproj", "{DB81AE00-1F0A-44F2-B6C4-DF362D50D6E7}"
EndProject
Project("{FAE04EC0-301F-11D3-BF4B-00C04F79EFBC}") = "WebService", "WebService\WebService.csproj", "{BE83824A-4131-48A2-935A-8AB1237BE01A}"
EndProject
Global
	GlobalSection(SolutionConfigurationPlatforms) = preSolution
		Debug|Any CPU = Debug|Any CPU
		Release|Any CPU = Release|Any CPU
	EndGlobalSection
	GlobalSection(ProjectConfigurationPlatforms) = postSolution
		{DB81AE00-1F0A-44F2-B6C4-DF362D50D6E7}.Debug|Any CPU.ActiveCfg = Debug|Any CPU
		{DB81AE00-1F0A-44F2-B6C4-DF362D50D6E7}.Debug|Any CPU.Build.0 = Debug|Any CPU
		{DB81AE00-1F0A-44F2-B6C4-DF362D50D6E7}.Release|Any CPU.ActiveCfg = Release|Any CPU
		{DB81AE00-1F0A-44F2-B6C4-DF362D50D6E7}.Release|Any CPU.Build.0 = Release|Any CPU
		{BE83824A-4131-48A2-935A-8AB1237BE01A}.Debug|Any CPU.ActiveCfg = Debug|Any CPU
		{BE83824A-4131-48A2-935A-8AB1237BE01A}.Debug|Any CPU.Build.0 = Debug|Any CPU
		{BE83824A-4131-48A2-935A-8AB1237BE01A}.Release|Any CPU.ActiveCfg = Release|Any CPU
		{BE83824A-4131-48A2-935A-8AB1237BE01A}.Release|Any CPU.Build.0 = Release|Any CPU
	EndGlobalSection
	GlobalSection(SolutionProperties) = preSolution
		HideSolutionNode = FALSE
	EndGlobalSection
	GlobalSection(ExtensibilityGlobals) = postSolution
		SolutionGuid = {AD2E0442-F65E-4D60-983B-B13C5A2A1DCF}
	EndGlobalSection
EndGlobal
